
Microsoft Visual Studio Solution File, Format Version 12.00
# Visual Studio Version 17
VisualStudioVersion = 17.4.33020.496
MinimumVisualStudioVersion = 10.0.40219.1
Project("{2150E333-8FDC-42A3-9474-1A3956D46DE8}") = "Solution Items", "Solution Items", "{8F296AE8-9B50-47BE-B6FE-8B78A0615219}"
	ProjectSection(SolutionItems) = preProject
		..\LICENSE = ..\LICENSE
		..\README.md = ..\README.md
		..\umbraco-marketplace.json = ..\umbraco-marketplace.json
		..\.editorconfig = ..\.editorconfig
		..\.gitignore = ..\.gitignore
	EndProjectSection
EndProject
Project("{FAE04EC0-301F-11D3-BF4B-00C04F79EFBC}") = "Sanitiser.TestSite.v13", "Sanitiser.TestSite.V13\Sanitiser.TestSite.v13.csproj", "{A4F44163-E79B-4A82-ABD0-6B7DDA410C80}"
EndProject
Project("{FAE04EC0-301F-11D3-BF4B-00C04F79EFBC}") = "Sanitiser.TestSite.v17", "Sanitiser.TestSite.V17\Sanitiser.TestSite.v17.csproj", "{31D9F5F5-5B39-48E7-BDBD-22DB0112DC61}"
EndProject
Project("{FAE04EC0-301F-11D3-BF4B-00C04F79EFBC}") = "Sanitiser.Core", "Sanitiser.Core\Sanitiser.Core.csproj", "{F60EE46F-9CDF-4876-80DA-DB71784BE7EC}"
EndProject
Project("{FAE04EC0-301F-11D3-BF4B-00C04F79EFBC}") = "Sanitiser", "Sanitiser\Sanitiser.csproj", "{E69CD401-DD91-4535-8136-F5CD1059A655}"
EndProject
Project("{FAE04EC0-301F-11D3-BF4B-00C04F79EFBC}") = "Sanitiser.Faker", "Sanitiser.Faker\Sanitiser.Faker.csproj", "{FDCB4119-26FF-4C25-BA15-FE9717C314AA}"
EndProject
Project("{FAE04EC0-301F-11D3-BF4B-00C04F79EFBC}") = "Sanitiser.AI", "Sanitiser.AI\Sanitiser.AI.csproj", "{CDF4F2BD-82A0-4D6D-8170-DF2253AF916D}"
EndProject
Project("{FAE04EC0-301F-11D3-BF4B-00C04F79EFBC}") = "Sanitiser.Tests", "Sanitiser.Tests\Sanitiser.Tests.csproj", "{60801617-C01A-49BE-9897-D1098B533867}"
EndProject
Project("{2150E333-8FDC-42A3-9474-1A3956D46DE8}") = "Sanitiser.TestSite.V18", "Sanitiser.TestSite.V18", "{5848AF73-9624-6FAF-49DD-424D0E6F32D4}"
EndProject
Project("{FAE04EC0-301F-11D3-BF4B-00C04F79EFBC}") = "Sanitiser.TestSite.v18", "Sanitiser.TestSite.V18\Sanitiser.TestSite.v18.csproj", "{44C36FCA-7EC4-4BC5-97C1-37FD37B84771}"
EndProject
Project("{2150E333-8FDC-42A3-9474-1A3956D46DE8}") = "Sanitiser.TestSite.V16", "Sanitiser.TestSite.V16", "{06D74B36-DBED-E31D-18F1-5739AF3A374A}"
EndProject
Project("{FAE04EC0-301F-11D3-BF4B-00C04F79EFBC}") = "Sanitiser.TestSite.v16", "Sanitiser.TestSite.V16\Sanitiser.TestSite.v16.csproj", "{C3D1D406-432C-4E3F-8908-7982B14B4C24}"
EndProject
Project("{FAE04EC0-301F-11D3-BF4B-00C04F79EFBC}") = "Sanitiser.Forms", "Sanitiser.Forms\Sanitiser.Forms.csproj", "{21BC4BD1-7D56-4AF9-9ABB-7B27C6D9CD54}"
EndProject
Global
	GlobalSection(SolutionConfigurationPlatforms) = preSolution
		Debug|Any CPU = Debug|Any CPU
		Debug|x64 = Debug|x64
		Debug|x86 = Debug|x86
		Release|Any CPU = Release|Any CPU
		Release|x64 = Release|x64
		Release|x86 = Release|x86
	EndGlobalSection
	GlobalSection(ProjectConfigurationPlatforms) = postSolution
		{A4F44163-E79B-4A82-ABD0-6B7DDA410C80}.Debug|Any CPU.ActiveCfg = Debug|Any CPU
		{A4F44163-E79B-4A82-ABD0-6B7DDA410C80}.Debug|Any CPU.Build.0 = Debug|Any CPU
		{A4F44163-E79B-4A82-ABD0-6B7DDA410C80}.Debug|x64.ActiveCfg = Debug|Any CPU
		{A4F44163-E79B-4A82-ABD0-6B7DDA410C80}.Debug|x64.Build.0 = Debug|Any CPU
		{A4F44163-E79B-4A82-ABD0-6B7DDA410C80}.Debug|x86.ActiveCfg = Debug|Any CPU
		{A4F44163-E79B-4A82-ABD0-6B7DDA410C80}.Debug|x86.Build.0 = Debug|Any CPU
		{A4F44163-E79B-4A82-ABD0-6B7DDA410C80}.Release|Any CPU.ActiveCfg = Release|Any CPU
		{A4F44163-E79B-4A82-ABD0-6B7DDA410C80}.Release|Any CPU.Build.0 = Release|Any CPU
		{A4F44163-E79B-4A82-ABD0-6B7DDA410C80}.Release|x64.ActiveCfg = Release|Any CPU
		{A4F44163-E79B-4A82-ABD0-6B7DDA410C80}.Release|x64.Build.0 = Release|Any CPU
		{A4F44163-E79B-4A82-ABD0-6B7DDA410C80}.Release|x86.ActiveCfg = Release|Any CPU
		{A4F44163-E79B-4A82-ABD0-6B7DDA410C80}.Release|x86.Build.0 = Release|Any CPU
		{31D9F5F5-5B39-48E7-BDBD-22DB0112DC61}.Debug|Any CPU.ActiveCfg = Debug|Any CPU
		{31D9F5F5-5B39-48E7-BDBD-22DB0112DC61}.Debug|Any CPU.Build.0 = Debug|Any CPU
		{31D9F5F5-5B39-48E7-BDBD-22DB0112DC61}.Debug|x64.ActiveCfg = Debug|Any CPU
		{31D9F5F5-5B39-48E7-BDBD-22DB0112DC61}.Debug|x64.Build.0 = Debug|Any CPU
		{31D9F5F5-5B39-48E7-BDBD-22DB0112DC61}.Debug|x86.ActiveCfg = Debug|Any CPU
		{31D9F5F5-5B39-48E7-BDBD-22DB0112DC61}.Debug|x86.Build.0 = Debug|Any CPU
		{31D9F5F5-5B39-48E7-BDBD-22DB0112DC61}.Release|Any CPU.ActiveCfg = Release|Any CPU
		{31D9F5F5-5B39-48E7-BDBD-22DB0112DC61}.Release|Any CPU.Build.0 = Release|Any CPU
		{31D9F5F5-5B39-48E7-BDBD-22DB0112DC61}.Release|x64.ActiveCfg = Release|Any CPU
		{31D9F5F5-5B39-48E7-BDBD-22DB0112DC61}.Release|x64.Build.0 = Release|Any CPU
		{31D9F5F5-5B39-48E7-BDBD-22DB0112DC61}.Release|x86.ActiveCfg = Release|Any CPU
		{31D9F5F5-5B39-48E7-BDBD-22DB0112DC61}.Release|x86.Build.0 = Release|Any CPU
		{F60EE46F-9CDF-4876-80DA-DB71784BE7EC}.Debug|Any CPU.ActiveCfg = Debug|Any CPU
		{F60EE46F-9CDF-4876-80DA-DB71784BE7EC}.Debug|Any CPU.Build.0 = Debug|Any CPU
		{F60EE46F-9CDF-4876-80DA-DB71784BE7EC}.Debug|x64.ActiveCfg = Debug|Any CPU
		{F60EE46F-9CDF-4876-80DA-DB71784BE7EC}.Debug|x64.Build.0 = Debug|Any CPU
		{F60EE46F-9CDF-4876-80DA-DB71784BE7EC}.Debug|x86.ActiveCfg = Debug|Any CPU
		{F60EE46F-9CDF-4876-80DA-DB71784BE7EC}.Debug|x86.Build.0 = Debug|Any CPU
		{F60EE46F-9CDF-4876-80DA-DB71784BE7EC}.Release|Any CPU.ActiveCfg = Release|Any CPU
		{F60EE46F-9CDF-4876-80DA-DB71784BE7EC}.Release|Any CPU.Build.0 = Release|Any CPU
		{F60EE46F-9CDF-4876-80DA-DB71784BE7EC}.Release|x64.ActiveCfg = Release|Any CPU
		{F60EE46F-9CDF-4876-80DA-DB71784BE7EC}.Release|x64.Build.0 = Release|Any CPU
		{F60EE46F-9CDF-4876-80DA-DB71784BE7EC}.Release|x86.ActiveCfg = Release|Any CPU
		{F60EE46F-9CDF-4876-80DA-DB71784BE7EC}.Release|x86.Build.0 = Release|Any CPU
		{E69CD401-DD91-4535-8136-F5CD1059A655}.Debug|Any CPU.ActiveCfg = Debug|Any CPU
		{E69CD401-DD91-4535-8136-F5CD1059A655}.Debug|Any CPU.Build.0 = Debug|Any CPU
		{E69CD401-DD91-4535-8136-F5CD1059A655}.Debug|x64.ActiveCfg = Debug|Any CPU
		{E69CD401-DD91-4535-8136-F5CD1059A655}.Debug|x64.Build.0 = Debug|Any CPU
		{E69CD401-DD91-4535-8136-F5CD1059A655}.Debug|x86.ActiveCfg = Debug|Any CPU
		{E69CD401-DD91-4535-8136-F5CD1059A655}.Debug|x86.Build.0 = Debug|Any CPU
		{E69CD401-DD91-4535-8136-F5CD1059A655}.Release|Any CPU.ActiveCfg = Release|Any CPU
		{E69CD401-DD91-4535-8136-F5CD1059A655}.Release|Any CPU.Build.0 = Release|Any CPU
		{E69CD401-DD91-4535-8136-F5CD1059A655}.Release|x64.ActiveCfg = Release|Any CPU
		{E69CD401-DD91-4535-8136-F5CD1059A655}.Release|x64.Build.0 = Release|Any CPU
		{E69CD401-DD91-4535-8136-F5CD1059A655}.Release|x86.ActiveCfg = Release|Any CPU
		{E69CD401-DD91-4535-8136-F5CD1059A655}.Release|x86.Build.0 = Release|Any CPU
		{FDCB4119-26FF-4C25-BA15-FE9717C314AA}.Debug|Any CPU.ActiveCfg = Debug|Any CPU
		{FDCB4119-26FF-4C25-BA15-FE9717C314AA}.Debug|Any CPU.Build.0 = Debug|Any CPU
		{FDCB4119-26FF-4C25-BA15-FE9717C314AA}.Debug|x64.ActiveCfg = Debug|Any CPU
		{FDCB4119-26FF-4C25-BA15-FE9717C314AA}.Debug|x64.Build.0 = Debug|Any CPU
		{FDCB4119-26FF-4C25-BA15-FE9717C314AA}.Debug|x86.ActiveCfg = Debug|Any CPU
		{FDCB4119-26FF-4C25-BA15-FE9717C314AA}.Debug|x86.Build.0 = Debug|Any CPU
		{FDCB4119-26FF-4C25-BA15-FE9717C314AA}.Release|Any CPU.ActiveCfg = Release|Any CPU
		{FDCB4119-26FF-4C25-BA15-FE9717C314AA}.Release|Any CPU.Build.0 = Release|Any CPU
		{FDCB4119-26FF-4C25-BA15-FE9717C314AA}.Release|x64.ActiveCfg = Release|Any CPU
		{FDCB4119-26FF-4C25-BA15-FE9717C314AA}.Release|x64.Build.0 = Release|Any CPU
		{FDCB4119-26FF-4C25-BA15-FE9717C314AA}.Release|x86.ActiveCfg = Release|Any CPU
		{FDCB4119-26FF-4C25-BA15-FE9717C314AA}.Release|x86.Build.0 = Release|Any CPU
		{CDF4F2BD-82A0-4D6D-8170-DF2253AF916D}.Debug|Any CPU.ActiveCfg = Debug|Any CPU
		{CDF4F2BD-82A0-4D6D-8170-DF2253AF916D}.Debug|Any CPU.Build.0 = Debug|Any CPU
		{CDF4F2BD-82A0-4D6D-8170-DF2253AF916D}.Debug|x64.ActiveCfg = Debug|Any CPU
		{CDF4F2BD-82A0-4D6D-8170-DF2253AF916D}.Debug|x64.Build.0 = Debug|Any CPU
		{CDF4F2BD-82A0-4D6D-8170-DF2253AF916D}.Debug|x86.ActiveCfg = Debug|Any CPU
		{CDF4F2BD-82A0-4D6D-8170-DF2253AF916D}.Debug|x86.Build.0 = Debug|Any CPU
		{CDF4F2BD-82A0-4D6D-8170-DF2253AF916D}.Release|Any CPU.ActiveCfg = Release|Any CPU
		{CDF4F2BD-82A0-4D6D-8170-DF2253AF916D}.Release|Any CPU.Build.0 = Release|Any CPU
		{CDF4F2BD-82A0-4D6D-8170-DF2253AF916D}.Release|x64.ActiveCfg = Release|Any CPU
		{CDF4F2BD-82A0-4D6D-8170-DF2253AF916D}.Release|x64.Build.0 = Release|Any CPU
		{CDF4F2BD-82A0-4D6D-8170-DF2253AF916D}.Release|x86.ActiveCfg = Release|Any CPU
		{CDF4F2BD-82A0-4D6D-8170-DF2253AF916D}.Release|x86.Build.0 = Release|Any CPU
		{60801617-C01A-49BE-9897-D1098B533867}.Debug|Any CPU.ActiveCfg = Debug|Any CPU
		{60801617-C01A-49BE-9897-D1098B533867}.Debug|Any CPU.Build.0 = Debug|Any CPU
		{60801617-C01A-49BE-9897-D1098B533867}.Debug|x64.ActiveCfg = Debug|Any CPU
		{60801617-C01A-49BE-9897-D1098B533867}.Debug|x64.Build.0 = Debug|Any CPU
		{60801617-C01A-49BE-9897-D1098B533867}.Debug|x86.ActiveCfg = Debug|Any CPU
		{60801617-C01A-49BE-9897-D1098B533867}.Debug|x86.Build.0 = Debug|Any CPU
		{60801617-C01A-49BE-9897-D1098B533867}.Release|Any CPU.ActiveCfg = Release|Any CPU
		{60801617-C01A-49BE-9897-D1098B533867}.Release|Any CPU.Build.0 = Release|Any CPU
		{60801617-C01A-49BE-9897-D1098B533867}.Release|x64.ActiveCfg = Release|Any CPU
		{60801617-C01A-49BE-9897-D1098B533867}.Release|x64.Build.0 = Release|Any CPU
		{60801617-C01A-49BE-9897-D1098B533867}.Release|x86.ActiveCfg = Release|Any CPU
		{60801617-C01A-49BE-9897-D1098B533867}.Release|x86.Build.0 = Release|Any CPU
		{44C36FCA-7EC4-4BC5-97C1-37FD37B84771}.Debug|Any CPU.ActiveCfg = Debug|Any CPU
		{44C36FCA-7EC4-4BC5-97C1-37FD37B84771}.Debug|Any CPU.Build.0 = Debug|Any CPU
		{44C36FCA-7EC4-4BC5-97C1-37FD37B84771}.Debug|x64.ActiveCfg = Debug|Any CPU
		{44C36FCA-7EC4-4BC5-97C1-37FD37B84771}.Debug|x64.Build.0 = Debug|Any CPU
		{44C36FCA-7EC4-4BC5-97C1-37FD37B84771}.Debug|x86.ActiveCfg = Debug|Any CPU
		{44C36FCA-7EC4-4BC5-97C1-37FD37B84771}.Debug|x86.Build.0 = Debug|Any CPU
		{44C36FCA-7EC4-4BC5-97C1-37FD37B84771}.Release|Any CPU.ActiveCfg = Release|Any CPU
		{44C36FCA-7EC4-4BC5-97C1-37FD37B84771}.Release|Any CPU.Build.0 = Release|Any CPU
		{44C36FCA-7EC4-4BC5-97C1-37FD37B84771}.Release|x64.ActiveCfg = Release|Any CPU
		{44C36FCA-7EC4-4BC5-97C1-37FD37B84771}.Release|x64.Build.0 = Release|Any CPU
		{44C36FCA-7EC4-4BC5-97C1-37FD37B84771}.Release|x86.ActiveCfg = Release|Any CPU
		{44C36FCA-7EC4-4BC5-97C1-37FD37B84771}.Release|x86.Build.0 = Release|Any CPU
		{C3D1D406-432C-4E3F-8908-7982B14B4C24}.Debug|Any CPU.ActiveCfg = Debug|Any CPU
		{C3D1D406-432C-4E3F-8908-7982B14B4C24}.Debug|Any CPU.Build.0 = Debug|Any CPU
		{C3D1D406-432C-4E3F-8908-7982B14B4C24}.Debug|x64.ActiveCfg = Debug|Any CPU
		{C3D1D406-432C-4E3F-8908-7982B14B4C24}.Debug|x64.Build.0 = Debug|Any CPU
		{C3D1D406-432C-4E3F-8908-7982B14B4C24}.Debug|x86.ActiveCfg = Debug|Any CPU
		{C3D1D406-432C-4E3F-8908-7982B14B4C24}.Debug|x86.Build.0 = Debug|Any CPU
		{C3D1D406-432C-4E3F-8908-7982B14B4C24}.Release|Any CPU.ActiveCfg = Release|Any CPU
		{C3D1D406-432C-4E3F-8908-7982B14B4C24}.Release|Any CPU.Build.0 = Release|Any CPU
		{C3D1D406-432C-4E3F-8908-7982B14B4C24}.Release|x64.ActiveCfg = Release|Any CPU
		{C3D1D406-432C-4E3F-8908-7982B14B4C24}.Release|x64.Build.0 = Release|Any CPU
		{C3D1D406-432C-4E3F-8908-7982B14B4C24}.Release|x86.ActiveCfg = Release|Any CPU
		{C3D1D406-432C-4E3F-8908-7982B14B4C24}.Release|x86.Build.0 = Release|Any CPU
		{21BC4BD1-7D56-4AF9-9ABB-7B27C6D9CD54}.Debug|Any CPU.ActiveCfg = Debug|Any CPU
		{21BC4BD1-7D56-4AF9-9ABB-7B27C6D9CD54}.Debug|Any CPU.Build.0 = Debug|Any CPU
		{21BC4BD1-7D56-4AF9-9ABB-7B27C6D9CD54}.Debug|x64.ActiveCfg = Debug|Any CPU
		{21BC4BD1-7D56-4AF9-9ABB-7B27C6D9CD54}.Debug|x64.Build.0 = Debug|Any CPU
		{21BC4BD1-7D56-4AF9-9ABB-7B27C6D9CD54}.Debug|x86.ActiveCfg = Debug|Any CPU
		{21BC4BD1-7D56-4AF9-9ABB-7B27C6D9CD54}.Debug|x86.Build.0 = Debug|Any CPU
		{21BC4BD1-7D56-4AF9-9ABB-7B27C6D9CD54}.Release|Any CPU.ActiveCfg = Release|Any CPU
		{21BC4BD1-7D56-4AF9-9ABB-7B27C6D9CD54}.Release|Any CPU.Build.0 = Release|Any CPU
		{21BC4BD1-7D56-4AF9-9ABB-7B27C6D9CD54}.Release|x64.ActiveCfg = Release|Any CPU
		{21BC4BD1-7D56-4AF9-9ABB-7B27C6D9CD54}.Release|x64.Build.0 = Release|Any CPU
		{21BC4BD1-7D56-4AF9-9ABB-7B27C6D9CD54}.Release|x86.ActiveCfg = Release|Any CPU
		{21BC4BD1-7D56-4AF9-9ABB-7B27C6D9CD54}.Release|x86.Build.0 = Release|Any CPU
	EndGlobalSection
	GlobalSection(SolutionProperties) = preSolution
		HideSolutionNode = FALSE
	EndGlobalSection
	GlobalSection(NestedProjects) = preSolution
		{44C36FCA-7EC4-4BC5-97C1-37FD37B84771} = {5848AF73-9624-6FAF-49DD-424D0E6F32D4}
		{C3D1D406-432C-4E3F-8908-7982B14B4C24} = {06D74B36-DBED-E31D-18F1-5739AF3A374A}
	EndGlobalSection
	GlobalSection(ExtensibilityGlobals) = postSolution
		SolutionGuid = {6F07004F-9903-4AEB-9ED0-BE57A0326D20}
	EndGlobalSection
EndGlobal
